
Microsoft Visual Studio Solution File, Format Version 12.00
# Visual Studio Version 17
VisualStudioVersion = 17.9.34714.143
MinimumVisualStudioVersion = 10.0.40219.1
Project("{FAE04EC0-301F-11D3-BF4B-00C04F79EFBC}") = "PlaningToolWebApi", "PlaningToolWebApi\PlaningToolWebApi.csproj", "{23074E98-12BE-4CBC-907F-E8029929CA6A}"
EndProject
Global
	GlobalSection(SolutionConfigurationPlatforms) = preSolution
		Debug|Any CPU = Debug|Any CPU
		Release|Any CPU = Release|Any CPU
	EndGlobalSection
	GlobalSection(ProjectConfigurationPlatforms) = postSolution
		{23074E98-12BE-4CBC-907F-E8029929CA6A}.Debug|Any CPU.ActiveCfg = Debug|Any CPU
		{23074E98-12BE-4CBC-907F-E8029929CA6A}.Debug|Any CPU.Build.0 = Debug|Any CPU
		{23074E98-12BE-4CBC-907F-E8029929CA6A}.Release|Any CPU.ActiveCfg = Release|Any CPU
		{23074E98-12BE-4CBC-907F-E8029929CA6A}.Release|Any CPU.Build.0 = Release|Any CPU
	EndGlobalSection
	GlobalSection(SolutionProperties) = preSolution
		HideSolutionNode = FALSE
	EndGlobalSection
	GlobalSection(ExtensibilityGlobals) = postSolution
		SolutionGuid = {0C31F11B-701B-43A9-8E6C-953EC16F12D0}
	EndGlobalSection
EndGlobal
